Microsoft Visual Studio Solution File, Format Version 12.00
# Visual Studio Version 17
VisualStudioVersion = 17.5.2.0
MinimumVisualStudioVersion = 10.0.40219.1
Project("{FAE04EC0-301F-11D3-BF4B-00C04F79EFBC}") = "ModernIssues", "ModernIssues.csproj", "{95593620-B386-0C1B-0AC8-E08631F68940}"
EndProject
Global
	GlobalSection(SolutionConfigurationPlatforms) = preSolution
		Debug|Any CPU = Debug|Any CPU
		Release|Any CPU = Release|Any CPU
	EndGlobalSection
	GlobalSection(ProjectConfigurationPlatforms) = postSolution
		{95593620-B386-0C1B-0AC8-E08631F68940}.Debug|Any CPU.ActiveCfg = Debug|Any CPU
		{95593620-B386-0C1B-0AC8-E08631F68940}.Debug|Any CPU.Build.0 = Debug|Any CPU
		{95593620-B386-0C1B-0AC8-E08631F68940}.Release|Any CPU.ActiveCfg = Release|Any CPU
		{95593620-B386-0C1B-0AC8-E08631F68940}.Release|Any CPU.Build.0 = Release|Any CPU
	EndGlobalSection
	GlobalSection(SolutionProperties) = preSolution
		HideSolutionNode = FALSE
	EndGlobalSection
	GlobalSection(ExtensibilityGlobals) = postSolution
		SolutionGuid = {20C5533E-5F0C-4F9F-B112-E31ED4C5BF65}
	EndGlobalSection
EndGlobal
